
Microsoft Visual Studio Solution File, Format Version 12.00
# Visual Studio Version 16
VisualStudioVersion = 16.0.31112.23
MinimumVisualStudioVersion = 10.0.40219.1
Project("{FAE04EC0-301F-11D3-BF4B-00C04F79EFBC}") = "CSHW4", "CSHW4\CSHW4.csproj", "{161D7A91-0C1A-484D-B532-F26640E5B736}"
EndProject
Project("{FAE04EC0-301F-11D3-BF4B-00C04F79EFBC}") = "BLL", "BLL\BLL.csproj", "{EE252661-04FC-4141-9449-AB25E07095FA}"
EndProject
Project("{FAE04EC0-301F-11D3-BF4B-00C04F79EFBC}") = "DAL", "DAL\DAL.csproj", "{DA3545D4-4CEC-49FB-90C3-3381F727B229}"
EndProject
Global
	GlobalSection(SolutionConfigurationPlatforms) = preSolution
		Debug|Any CPU = Debug|Any CPU
		Release|Any CPU = Release|Any CPU
	EndGlobalSection
	GlobalSection(ProjectConfigurationPlatforms) = postSolution
		{161D7A91-0C1A-484D-B532-F26640E5B736}.Debug|Any CPU.ActiveCfg = Debug|Any CPU
		{161D7A91-0C1A-484D-B532-F26640E5B736}.Debug|Any CPU.Build.0 = Debug|Any CPU
		{161D7A91-0C1A-484D-B532-F26640E5B736}.Release|Any CPU.ActiveCfg = Release|Any CPU
		{161D7A91-0C1A-484D-B532-F26640E5B736}.Release|Any CPU.Build.0 = Release|Any CPU
		{EE252661-04FC-4141-9449-AB25E07095FA}.Debug|Any CPU.ActiveCfg = Debug|Any CPU
		{EE252661-04FC-4141-9449-AB25E07095FA}.Debug|Any CPU.Build.0 = Debug|Any CPU
		{EE252661-04FC-4141-9449-AB25E07095FA}.Release|Any CPU.ActiveCfg = Release|Any CPU
		{EE252661-04FC-4141-9449-AB25E07095FA}.Release|Any CPU.Build.0 = Release|Any CPU
		{DA3545D4-4CEC-49FB-90C3-3381F727B229}.Debug|Any CPU.ActiveCfg = Debug|Any CPU
		{DA3545D4-4CEC-49FB-90C3-3381F727B229}.Debug|Any CPU.Build.0 = Debug|Any CPU
		{DA3545D4-4CEC-49FB-90C3-3381F727B229}.Release|Any CPU.ActiveCfg = Release|Any CPU
		{DA3545D4-4CEC-49FB-90C3-3381F727B229}.Release|Any CPU.Build.0 = Release|Any CPU
	EndGlobalSection
	GlobalSection(SolutionProperties) = preSolution
		HideSolutionNode = FALSE
	EndGlobalSection
	GlobalSection(ExtensibilityGlobals) = postSolution
		SolutionGuid = {A6792D3E-70A5-43DD-89AC-0DDBA997C282}
	EndGlobalSection
EndGlobal
